// !$*UTF8*$!
{
	archiveVersion = 1;
	classes = {
	};
	objectVersion = 56;
	objects = {

/* Begin PBXBuildFile section */
		79966C642AF68AA300BE555A /* SwiftUI_Swipe_App_ExampleApp.swift in Sources */ = {isa = PBXBuildFile; fileRef = 79966C632AF68AA300BE555A /* SwiftUI_Swipe_App_ExampleApp.swift */; };
		79966C662AF68AA300BE555A /* ContentView.swift in Sources */ = {isa = PBXBuildFile; fileRef = 79966C652AF68AA300BE555A /* ContentView.swift */; };
		79966C682AF68AA500BE555A /* Assets.xcassets in Resources */ = {isa = PBXBuildFile; fileRef = 79966C672AF68AA500BE555A /* Assets.xcassets */; };
		79966C6B2AF68AA500BE555A /* Preview Assets.xcassets in Resources */ = {isa = PBXBuildFile; fileRef = 79966C6A2AF68AA500BE555A /* Preview Assets.xcassets */; };
		79966C752AF68AA500BE555A /* SwiftUI_Swipe_App_ExampleTests.swift in Sources */ = {isa = PBXBuildFile; fileRef = 79966C742AF68AA500BE555A /* SwiftUI_Swipe_App_ExampleTests.swift */; };
		79966C7F2AF68AA500BE555A /* SwiftUI_Swipe_App_ExampleUITests.swift in Sources */ = {isa = PBXBuildFile; fileRef = 79966C7E2AF68AA500BE555A /* SwiftUI_Swipe_App_ExampleUITests.swift */; };
		79966C812AF68AA500BE555A /* SwiftUI_Swipe_App_ExampleUITestsLaunchTests.swift in Sources */ = {isa = PBXBuildFile; fileRef = 79966C802AF68AA500BE555A /* SwiftUI_Swipe_App_ExampleUITestsLaunchTests.swift */; };
		79966C902AF68C8C00BE555A /* CardView.swift in Sources */ = {isa = PBXBuildFile; fileRef = 79966C8F2AF68C8C00BE555A /* CardView.swift */; };
/* End PBXBuildFile section */

/* Begin PBXContainerItemProxy section */
		79966C712AF68AA500BE555A /* PBXContainerItemProxy */ = {
			isa = PBXContainerItemProxy;
			containerPortal = 79966C582AF68AA200BE555A /* Project object */;
			proxyType = 1;
			remoteGlobalIDString = 79966C5F2AF68AA300BE555A;
			remoteInfo = "SwiftUI Swipe App Example";
		};
		79966C7B2AF68AA500BE555A /* PBXContainerItemProxy */ = {
			isa = PBXContainerItemProxy;
			containerPortal = 79966C582AF68AA200BE555A /* Project object */;
			proxyType = 1;
			remoteGlobalIDString = 79966C5F2AF68AA300BE555A;
			remoteInfo = "SwiftUI Swipe App Example";
		};
/* End PBXContainerItemProxy section */

/* Begin PBXFileReference section */
		79966C602AF68AA300BE555A /* SwiftUI Swipe App Example.app */ = {isa = PBXFileReference; explicitFileType = wrapper.application; includeInIndex = 0; path = "SwiftUI Swipe App Example.app"; sourceTree = BUILT_PRODUCTS_DIR; };
		79966C632AF68AA300BE555A /* SwiftUI_Swipe_App_ExampleApp.swift */ = {isa = PBXFileReference; lastKnownFileType = sourcecode.swift; path = SwiftUI_Swipe_App_ExampleApp.swift; sourceTree = "<group>"; };
		79966C652AF68AA300BE555A /* ContentView.swift */ = {isa = PBXFileReference; lastKnownFileType = sourcecode.swift; path = ContentView.swift; sourceTree = "<group>"; };
		79966C672AF68AA500BE555A /* Assets.xcassets */ = {isa = PBXFileReference; lastKnownFileType = folder.assetcatalog; path = Assets.xcassets; sourceTree = "<group>"; };
		79966C6A2AF68AA500BE555A /* Preview Assets.xcassets */ = {isa = PBXFileReference; lastKnownFileType = folder.assetcatalog; path = "Preview Assets.xcassets"; sourceTree = "<group>"; };
		79966C702AF68AA500BE555A /* SwiftUI Swipe App ExampleTests.xctest */ = {isa = PBXFileReference; explicitFileType = wrapper.cfbundle; includeInIndex = 0; path = "SwiftUI Swipe App ExampleTests.xctest"; sourceTree = BUILT_PRODUCTS_DIR; };
		79966C742AF68AA500BE555A /* SwiftUI_Swipe_App_ExampleTests.swift */ = {isa = PBXFileReference; lastKnownFileType = sourcecode.swift; path = SwiftUI_Swipe_App_ExampleTests.swift; sourceTree = "<group>"; };
		79966C7A2AF68AA500BE555A /* SwiftUI Swipe App ExampleUITests.xctest */ = {isa = PBXFileReference; explicitFileType = wrapper.cfbundle; includeInIndex = 0; path = "SwiftUI Swipe App ExampleUITests.xctest"; sourceTree = BUILT_PRODUCTS_DIR; };
		79966C7E2AF68AA500BE555A /* SwiftUI_Swipe_App_ExampleUITests.swift */ = {isa = PBXFileReference; lastKnownFileType = sourcecode.swift; path = SwiftUI_Swipe_App_ExampleUITests.swift; sourceTree = "<group>"; };
		79966C802AF68AA500BE555A /* SwiftUI_Swipe_App_ExampleUITestsLaunchTests.swift */ = {isa = PBXFileReference; lastKnownFileType = sourcecode.swift; path = SwiftUI_Swipe_App_ExampleUITestsLaunchTests.swift; sourceTree = "<group>"; };
		79966C8F2AF68C8C00BE555A /* CardView.swift */ = {isa = PBXFileReference; lastKnownFileType = sourcecode.swift; path = CardView.swift; sourceTree = "<group>"; };
/* End PBXFileReference section */

/* Begin PBXFrameworksBuildPhase section */
		79966C5D2AF68AA300BE555A /* Frameworks */ = {
			isa = PBXFrameworksBuildPhase;
			buildActionMask = 2147483647;
			files = (
			);
			runOnlyForDeploymentPostprocessing = 0;
		};
		79966C6D2AF68AA500BE555A /* Frameworks */ = {
			isa = PBXFrameworksBuildPhase;
			buildActionMask = 2147483647;
			files = (
			);
			runOnlyForDeploymentPostprocessing = 0;
		};
		79966C772AF68AA500BE555A /* Frameworks */ = {
			isa = PBXFrameworksBuildPhase;
			buildActionMask = 2147483647;
			files = (
			);
			runOnlyForDeploymentPostprocessing = 0;
		};
/* End PBXFrameworksBuildPhase section */

/* Begin PBXGroup section */
		79966C572AF68AA200BE555A = {
			isa = PBXGroup;
			children = (
				79966C622AF68AA300BE555A /* SwiftUI Swipe App Example */,
				79966C732AF68AA500BE555A /* SwiftUI Swipe App ExampleTests */,
				79966C7D2AF68AA500BE555A /* SwiftUI Swipe App ExampleUITests */,
				79966C612AF68AA300BE555A /* Products */,
			);
			sourceTree = "<group>";
		};
		79966C612AF68AA300BE555A /* Products */ = {
			isa = PBXGroup;
			children = (
				79966C602AF68AA300BE555A /* SwiftUI Swipe App Example.app */,
				79966C702AF68AA500BE555A /* SwiftUI Swipe App ExampleTests.xctest */,
				79966C7A2AF68AA500BE555A /* SwiftUI Swipe App ExampleUITests.xctest */,
			);
			name = Products;
			sourceTree = "<group>";
		};
		79966C622AF68AA300BE555A /* SwiftUI Swipe App Example */ = {
			isa = PBXGroup;
			children = (
				79966C632AF68AA300BE555A /* SwiftUI_Swipe_App_ExampleApp.swift */,
				79966C652AF68AA300BE555A /* ContentView.swift */,
				79966C8F2AF68C8C00BE555A /* CardView.swift */,
				79966C672AF68AA500BE555A /* Assets.xcassets */,
				79966C692AF68AA500BE555A /* Preview Content */,
			);
			path = "SwiftUI Swipe App Example";
			sourceTree = "<group>";
		};
		79966C692AF68AA500BE555A /* Preview Content */ = {
			isa = PBXGroup;
			children = (
				79966C6A2AF68AA500BE555A /* Preview Assets.xcassets */,
			);
			path = "Preview Content";
			sourceTree = "<group>";
		};
		79966C732AF68AA500BE555A /* SwiftUI Swipe App ExampleTests */ = {
			isa = PBXGroup;
			children = (
				79966C742AF68AA500BE555A /* SwiftUI_Swipe_App_ExampleTests.swift */,
			);
			path = "SwiftUI Swipe App ExampleTests";
			sourceTree = "<group>";
		};
		79966C7D2AF68AA500BE555A /* SwiftUI Swipe App ExampleUITests */ = {
			isa = PBXGroup;
			children = (
				79966C7E2AF68AA500BE555A /* SwiftUI_Swipe_App_ExampleUITests.swift */,
				79966C802AF68AA500BE555A /* SwiftUI_Swipe_App_ExampleUITestsLaunchTests.swift */,
			);
			path = "SwiftUI Swipe App ExampleUITests";
			sourceTree = "<group>";
		};
/* End PBXGroup section */

/* Begin PBXNativeTarget section */
		79966C5F2AF68AA300BE555A /* SwiftUI Swipe App Example */ = {
			isa = PBXNativeTarget;
			buildConfigurationList = 79966C842AF68AA500BE555A /* Build configuration list for PBXNativeTarget "SwiftUI Swipe App Example" */;
			buildPhases = (
				79966C5C2AF68AA300BE555A /* Sources */,
				79966C5D2AF68AA300BE555A /* Frameworks */,
				79966C5E2AF68AA300BE555A /* Resources */,
			);
			buildRules = (
			);
			dependencies = (
			);
			name = "SwiftUI Swipe App Example";
			productName = "SwiftUI Swipe App Example";
			productReference = 79966C602AF68AA300BE555A /* SwiftUI Swipe App Example.app */;
			productType = "com.apple.product-type.application";
		};
		79966C6F2AF68AA500BE555A /* SwiftUI Swipe App ExampleTests */ = {
			isa = PBXNativeTarget;
			buildConfigurationList = 79966C872AF68AA500BE555A /* Build configuration list for PBXNativeTarget "SwiftUI Swipe App ExampleTests" */;
			buildPhases = (
				79966C6C2AF68AA500BE555A /* Sources */,
				79966C6D2AF68AA500BE555A /* Frameworks */,
				79966C6E2AF68AA500BE555A /* Resources */,
			);
			buildRules = (
			);
			dependencies = (
				79966C722AF68AA500BE555A /* PBXTargetDependency */,
			);
			name = "SwiftUI Swipe App ExampleTests";
			productName = "SwiftUI Swipe App ExampleTests";
			productReference = 79966C702AF68AA500BE555A /* SwiftUI Swipe App ExampleTests.xctest */;
			productType = "com.apple.product-type.bundle.unit-test";
		};
		79966C792AF68AA500BE555A /* SwiftUI Swipe App ExampleUITests */ = {
			isa = PBXNativeTarget;
			buildConfigurationList = 79966C8A2AF68AA500BE555A /* Build configuration list for PBXNativeTarget "SwiftUI Swipe App ExampleUITests" */;
			buildPhases = (
				79966C762AF68AA500BE555A /* Sources */,
				79966C772AF68AA500BE555A /* Frameworks */,
				79966C782AF68AA500BE555A /* Resources */,
			);
			buildRules = (
			);
			dependencies = (
				79966C7C2AF68AA500BE555A /* PBXTargetDependency */,
			);
			name = "SwiftUI Swipe App ExampleUITests";
			productName = "SwiftUI Swipe App ExampleUITests";
			productReference = 79966C7A2AF68AA500BE555A /* SwiftUI Swipe App ExampleUITests.xctest */;
			productType = "com.apple.product-type.bundle.ui-testing";
		};
/* End PBXNativeTarget section */

/* Begin PBXProject section */
		79966C582AF68AA200BE555A /* Project object */ = {
			isa = PBXProject;
			attributes = {
				BuildIndependentTargetsInParallel = 1;
				LastSwiftUpdateCheck = 1420;
				LastUpgradeCheck = 1420;
				TargetAttributes = {
					79966C5F2AF68AA300BE555A = {
						CreatedOnToolsVersion = 14.2;
					};
					79966C6F2AF68AA500BE555A = {
						CreatedOnToolsVersion = 14.2;
						TestTargetID = 79966C5F2AF68AA300BE555A;
					};
					79966C792AF68AA500BE555A = {
						CreatedOnToolsVersion = 14.2;
						TestTargetID = 79966C5F2AF68AA300BE555A;
					};
				};
			};
			buildConfigurationList = 79966C5B2AF68AA200BE555A /* Build configuration list for PBXProject "SwiftUI Swipe App Example" */;
			compatibilityVersion = "Xcode 14.0";
			developmentRegion = en;
			hasScannedForEncodings = 0;
			knownRegions = (
				en,
				Base,
			);
			mainGroup = 79966C572AF68AA200BE555A;
			productRefGroup = 79966C612AF68AA300BE555A /* Products */;
			projectDirPath = "";
			projectRoot = "";
			targets = (
				79966C5F2AF68AA300BE555A /* SwiftUI Swipe App Example */,
				79966C6F2AF68AA500BE555A /* SwiftUI Swipe App ExampleTests */,
				79966C792AF68AA500BE555A /* SwiftUI Swipe App ExampleUITests */,
			);
		};
/* End PBXProject section */

/* Begin PBXResourcesBuildPhase section */
		79966C5E2AF68AA300BE555A /* Resources */ = {
			isa = PBXResourcesBuildPhase;
			buildActionMask = 2147483647;
			files = (
				79966C6B2AF68AA500BE555A /* Preview Assets.xcassets in Resources */,
				79966C682AF68AA500BE555A /* Assets.xcassets in Resources */,
			);
			runOnlyForDeploymentPostprocessing = 0;
		};
		79966C6E2AF68AA500BE555A /* Resources */ = {
			isa = PBXResourcesBuildPhase;
			buildActionMask = 2147483647;
			files = (
			);
			runOnlyForDeploymentPostprocessing = 0;
		};
		79966C782AF68AA500BE555A /* Resources */ = {
			isa = PBXResourcesBuildPhase;
			buildActionMask = 2147483647;
			files = (
			);
			runOnlyForDeploymentPostprocessing = 0;
		};
/* End PBXResourcesBuildPhase section */

/* Begin PBXSourcesBuildPhase section */
		79966C5C2AF68AA300BE555A /* Sources */ = {
			isa = PBXSourcesBuildPhase;
			buildActionMask = 2147483647;
			files = (
				79966C662AF68AA300BE555A /* ContentView.swift in Sources */,
				79966C902AF68C8C00BE555A /* CardView.swift in Sources */,
				79966C642AF68AA300BE555A /* SwiftUI_Swipe_App_ExampleApp.swift in Sources */,
			);
			runOnlyForDeploymentPostprocessing = 0;
		};
		79966C6C2AF68AA500BE555A /* Sources */ = {
			isa = PBXSourcesBuildPhase;
			buildActionMask = 2147483647;
			files = (
				79966C752AF68AA500BE555A /* SwiftUI_Swipe_App_ExampleTests.swift in Sources */,
			);
			runOnlyForDeploymentPostprocessing = 0;
		};
		79966C762AF68AA500BE555A /* Sources */ = {
			isa = PBXSourcesBuildPhase;
			buildActionMask = 2147483647;
			files = (
				79966C812AF68AA500BE555A /* SwiftUI_Swipe_App_ExampleUITestsLaunchTests.swift in Sources */,
				79966C7F2AF68AA500BE555A /* SwiftUI_Swipe_App_ExampleUITests.swift in Sources */,
			);
			runOnlyForDeploymentPostprocessing = 0;
		};
/* End PBXSourcesBuildPhase section */

/* Begin PBXTargetDependency section */
		79966C722AF68AA500BE555A /* PBXTargetDependency */ = {
			isa = PBXTargetDependency;
			target = 79966C5F2AF68AA300BE555A /* SwiftUI Swipe App Example */;
			targetProxy = 79966C712AF68AA500BE555A /* PBXContainerItemProxy */;
		};
		79966C7C2AF68AA500BE555A /* PBXTargetDependency */ = {
			isa = PBXTargetDependency;
			target = 79966C5F2AF68AA300BE555A /* SwiftUI Swipe App Example */;
			targetProxy = 79966C7B2AF68AA500BE555A /* PBXContainerItemProxy */;
		};
/* End PBXTargetDependency section */

/* Begin XCBuildConfiguration section */
		79966C822AF68AA500BE555A /* Debug */ = {
			isa = XCBuildConfiguration;
			buildSettings = {
				ALWAYS_SEARCH_USER_PATHS = NO;
				CLANG_ANALYZER_NONNULL = YES;
				CLANG_ANALYZER_NUMBER_OBJECT_CONVERSION = YES_AGGRESSIVE;
				CLANG_CXX_LANGUAGE_STANDARD = "gnu++20";
				CLANG_ENABLE_MODULES = YES;
				CLANG_ENABLE_OBJC_ARC = YES;
				CLANG_ENABLE_OBJC_WEAK = YES;
				CLANG_WARN_BLOCK_CAPTURE_AUTORELEASING = YES;
				CLANG_WARN_BOOL_CONVERSION = YES;
				CLANG_WARN_COMMA = YES;
				CLANG_WARN_CONSTANT_CONVERSION = YES;
				CLANG_WARN_DEPRECATED_OBJC_IMPLEMENTATIONS = YES;
				CLANG_WARN_DIRECT_OBJC_ISA_USAGE = YES_ERROR;
				CLANG_WARN_DOCUMENTATION_COMMENTS = YES;
				CLANG_WARN_EMPTY_BODY = YES;
				CLANG_WARN_ENUM_CONVERSION = YES;
				CLANG_WARN_INFINITE_RECURSION = YES;
				CLANG_WARN_INT_CONVERSION = YES;
				CLANG_WARN_NON_LITERAL_NULL_CONVERSION = YES;
				CLANG_WARN_OBJC_IMPLICIT_RETAIN_SELF = YES;
				CLANG_WARN_OBJC_LITERAL_CONVERSION = YES;
				CLANG_WARN_OBJC_ROOT_CLASS = YES_ERROR;
				CLANG_WARN_QUOTED_INCLUDE_IN_FRAMEWORK_HEADER = YES;
				CLANG_WARN_RANGE_LOOP_ANALYSIS = YES;
				CLANG_WARN_STRICT_PROTOTYPES = YES;
				CLANG_WARN_SUSPICIOUS_MOVE = YES;
				CLANG_WARN_UNGUARDED_AVAILABILITY = YES_AGGRESSIVE;
				CLANG_WARN_UNREACHABLE_CODE = YES;
				CLANG_WARN__DUPLICATE_METHOD_MATCH = YES;
				COPY_PHASE_STRIP = NO;
				DEBUG_INFORMATION_FORMAT = dwarf;
				ENABLE_STRICT_OBJC_MSGSEND = YES;
				ENABLE_TESTABILITY = YES;
				GCC_C_LANGUAGE_STANDARD = gnu11;
				GCC_DYNAMIC_NO_PIC = NO;
				GCC_NO_COMMON_BLOCKS = YES;
				GCC_OPTIMIZATION_LEVEL = 0;
				GCC_PREPROCESSOR_DEFINITIONS = (
					"DEBUG=1",
					"$(inherited)",
				);
				GCC_WARN_64_TO_32_BIT_CONVERSION = YES;
				GCC_WARN_ABOUT_RETURN_TYPE = YES_ERROR;
				GCC_WARN_UNDECLARED_SELECTOR = YES;
				GCC_WARN_UNINITIALIZED_AUTOS = YES_AGGRESSIVE;
				GCC_WARN_UNUSED_FUNCTION = YES;
				GCC_WARN_UNUSED_VARIABLE = YES;
				IPHONEOS_DEPLOYMENT_TARGET = 16.2;
				MTL_ENABLE_DEBUG_INFO = INCLUDE_SOURCE;
				MTL_FAST_MATH = YES;
				ONLY_ACTIVE_ARCH = YES;
				SDKROOT = iphoneos;
				SWIFT_ACTIVE_COMPILATION_CONDITIONS = DEBUG;
				SWIFT_OPTIMIZATION_LEVEL = "-Onone";
			};
			name = Debug;
		};
		79966C832AF68AA500BE555A /* Release */ = {
			isa = XCBuildConfiguration;
			buildSettings = {
				ALWAYS_SEARCH_USER_PATHS = NO;
				CLANG_ANALYZER_NONNULL = YES;
				CLANG_ANALYZER_NUMBER_OBJECT_CONVERSION = YES_AGGRESSIVE;
				CLANG_CXX_LANGUAGE_STANDARD = "gnu++20";
				CLANG_ENABLE_MODULES = YES;
				CLANG_ENABLE_OBJC_ARC = YES;
				CLANG_ENABLE_OBJC_WEAK = YES;
				CLANG_WARN_BLOCK_CAPTURE_AUTORELEASING = YES;
				CLANG_WARN_BOOL_CONVERSION = YES;
				CLANG_WARN_COMMA = YES;
				CLANG_WARN_CONSTANT_CONVERSION = YES;
				CLANG_WARN_DEPRECATED_OBJC_IMPLEMENTATIONS = YES;
				CLANG_WARN_DIRECT_OBJC_ISA_USAGE = YES_ERROR;
				CLANG_WARN_DOCUMENTATION_COMMENTS = YES;
				CLANG_WARN_EMPTY_BODY = YES;
				CLANG_WARN_ENUM_CONVERSION = YES;
				CLANG_WARN_INFINITE_RECURSION = YES;
				CLANG_WARN_INT_CONVERSION = YES;
				CLANG_WARN_NON_LITERAL_NULL_CONVERSION = YES;
				CLANG_WARN_OBJC_IMPLICIT_RETAIN_SELF = YES;
				CLANG_WARN_OBJC_LITERAL_CONVERSION = YES;
				CLANG_WARN_OBJC_ROOT_CLASS = YES_ERROR;
				CLANG_WARN_QUOTED_INCLUDE_IN_FRAMEWORK_HEADER = YES;
				CLANG_WARN_RANGE_LOOP_ANALYSIS = YES;
				CLANG_WARN_STRICT_PROTOTYPES = YES;
				CLANG_WARN_SUSPICIOUS_MOVE = YES;
				CLANG_WARN_UNGUARDED_AVAILABILITY = YES_AGGRESSIVE;
				CLANG_WARN_UNREACHABLE_CODE = YES;
				CLANG_WARN__DUPLICATE_METHOD_MATCH = YES;
				COPY_PHASE_STRIP = NO;
				DEBUG_INFORMATION_FORMAT = "dwarf-with-dsym";
				ENABLE_NS_ASSERTIONS = NO;
				ENABLE_STRICT_OBJC_MSGSEND = YES;
				GCC_C_LANGUAGE_STANDARD = gnu11;
				GCC_NO_COMMON_BLOCKS = YES;
				GCC_WARN_64_TO_32_BIT_CONVERSION = YES;
				GCC_WARN_ABOUT_RETURN_TYPE = YES_ERROR;
				GCC_WARN_UNDECLARED_SELECTOR = YES;
				GCC_WARN_UNINITIALIZED_AUTOS = YES_AGGRESSIVE;
				GCC_WARN_UNUSED_FUNCTION = YES;
				GCC_WARN_UNUSED_VARIABLE = YES;
				IPHONEOS_DEPLOYMENT_TARGET = 16.2;
				MTL_ENABLE_DEBUG_INFO = NO;
				MTL_FAST_MATH = YES;
				SDKROOT = iphoneos;
				SWIFT_COMPILATION_MODE = wholemodule;
				SWIFT_OPTIMIZATION_LEVEL = "-O";
				VALIDATE_PRODUCT = YES;
			};
			name = Release;
		};
		79966C852AF68AA500BE555A /* Debug */ = {
			isa = XCBuildConfiguration;
			buildSettings = {
				ASSETCATALOG_COMPILER_APPICON_NAME = AppIcon;
				ASSETCATALOG_COMPILER_GLOBAL_ACCENT_COLOR_NAME = AccentColor;
				CODE_SIGN_STYLE = Automatic;
				CURRENT_PROJECT_VERSION = 1;
				DEVELOPMENT_ASSET_PATHS = "\"SwiftUI Swipe App Example/Preview Content\"";
				DEVELOPMENT_TEAM = 6JD548BN3B;
				ENABLE_PREVIEWS = YES;
				GENERATE_INFOPLIST_FILE = YES;
				INFOPLIST_KEY_UIApplicationSceneManifest_Generation = YES;
				INFOPLIST_KEY_UIApplicationSupportsIndirectInputEvents = YES;
				INFOPLIST_KEY_UILaunchScreen_Generation = YES;
				INFOPLIST_KEY_UISupportedInterfaceOrientations_iPad = "UIInterfaceOrientationPortrait UIInterfaceOrientationPortraitUpsideDown UIInterfaceOrientationLandscapeLeft UIInterfaceOrientationLandscapeRight";
				INFOPLIST_KEY_UISupportedInterfaceOrientations_iPhone = "UIInterfaceOrientationPortrait UIInterfaceOrientationLandscapeLeft UIInterfaceOrientationLandscapeRight";
				LD_RUNPATH_SEARCH_PATHS = (
					"$(inherited)",
					"@executable_path/Frameworks",
				);
				MARKETING_VERSION = 1.0;
				PRODUCT_BUNDLE_IDENTIFIER = "com.BulldogVenturesInc.SwiftUI-Swipe-App-Example";
				PRODUCT_NAME = "$(TARGET_NAME)";
				SWIFT_EMIT_LOC_STRINGS = YES;
				SWIFT_VERSION = 5.0;
				TARGETED_DEVICE_FAMILY = "1,2";
			};
			name = Debug;
		};
		79966C862AF68AA500BE555A /* Release */ = {
			isa = XCBuildConfiguration;
			buildSettings = {
				ASSETCATALOG_COMPILER_APPICON_NAME = AppIcon;
				ASSETCATALOG_COMPILER_GLOBAL_ACCENT_COLOR_NAME = AccentColor;
				CODE_SIGN_STYLE = Automatic;
				CURRENT_PROJECT_VERSION = 1;
				DEVELOPMENT_ASSET_PATHS = "\"SwiftUI Swipe App Example/Preview Content\"";
				DEVELOPMENT_TEAM = 6JD548BN3B;
				ENABLE_PREVIEWS = YES;
				GENERATE_INFOPLIST_FILE = YES;
				INFOPLIST_KEY_UIApplicationSceneManifest_Generation = YES;
				INFOPLIST_KEY_UIApplicationSupportsIndirectInputEvents = YES;
				INFOPLIST_KEY_UILaunchScreen_Generation = YES;
				INFOPLIST_KEY_UISupportedInterfaceOrientations_iPad = "UIInterfaceOrientationPortrait UIInterfaceOrientationPortraitUpsideDown UIInterfaceOrientationLandscapeLeft UIInterfaceOrientationLandscapeRight";
				INFOPLIST_KEY_UISupportedInterfaceOrientations_iPhone = "UIInterfaceOrientationPortrait UIInterfaceOrientationLandscapeLeft UIInterfaceOrientationLandscapeRight";
				LD_RUNPATH_SEARCH_PATHS = (
					"$(inherited)",
					"@executable_path/Frameworks",
				);
				MARKETING_VERSION = 1.0;
				PRODUCT_BUNDLE_IDENTIFIER = "com.BulldogVenturesInc.SwiftUI-Swipe-App-Example";
				PRODUCT_NAME = "$(TARGET_NAME)";
				SWIFT_EMIT_LOC_STRINGS = YES;
				SWIFT_VERSION = 5.0;
				TARGETED_DEVICE_FAMILY = "1,2";
			};
			name = Release;
		};
		79966C882AF68AA500BE555A /* Debug */ = {
			isa = XCBuildConfiguration;
			buildSettings = {
				ALWAYS_EMBED_SWIFT_STANDARD_LIBRARIES = YES;
				BUNDLE_LOADER = "$(TEST_HOST)";
				CODE_SIGN_STYLE = Automatic;
				CURRENT_PROJECT_VERSION = 1;
				DEVELOPMENT_TEAM = 6JD548BN3B;
				GENERATE_INFOPLIST_FILE = YES;
				IPHONEOS_DEPLOYMENT_TARGET = 16.2;
				MARKETING_VERSION = 1.0;
				PRODUCT_BUNDLE_IDENTIFIER = "com.BulldogVenturesInc.SwiftUI-Swipe-App-ExampleTests";
				PRODUCT_NAME = "$(TARGET_NAME)";
				SWIFT_EMIT_LOC_STRINGS = NO;
				SWIFT_VERSION = 5.0;
				TARGETED_DEVICE_FAMILY = "1,2";
				TEST_HOST = "$(BUILT_PRODUCTS_DIR)/SwiftUI Swipe App Example.app/$(BUNDLE_EXECUTABLE_FOLDER_PATH)/SwiftUI Swipe App Example";
			};
			name = Debug;
		};
		79966C892AF68AA500BE555A /* Release */ = {
			isa = XCBuildConfiguration;
			buildSettings = {
				ALWAYS_EMBED_SWIFT_STANDARD_LIBRARIES = YES;
				BUNDLE_LOADER = "$(TEST_HOST)";
				CODE_SIGN_STYLE = Automatic;
				CURRENT_PROJECT_VERSION = 1;
				DEVELOPMENT_TEAM = 6JD548BN3B;
				GENERATE_INFOPLIST_FILE = YES;
				IPHONEOS_DEPLOYMENT_TARGET = 16.2;
				MARKETING_VERSION = 1.0;
				PRODUCT_BUNDLE_IDENTIFIER = "com.BulldogVenturesInc.SwiftUI-Swipe-App-ExampleTests";
				PRODUCT_NAME = "$(TARGET_NAME)";
				SWIFT_EMIT_LOC_STRINGS = NO;
				SWIFT_VERSION = 5.0;
				TARGETED_DEVICE_FAMILY = "1,2";
				TEST_HOST = "$(BUILT_PRODUCTS_DIR)/SwiftUI Swipe App Example.app/$(BUNDLE_EXECUTABLE_FOLDER_PATH)/SwiftUI Swipe App Example";
			};
			name = Release;
		};
		79966C8B2AF68AA500BE555A /* Debug */ = {
			isa = XCBuildConfiguration;
			buildSettings = {
				ALWAYS_EMBED_SWIFT_STANDARD_LIBRARIES = YES;
				CODE_SIGN_STYLE = Automatic;
				CURRENT_PROJECT_VERSION = 1;
				DEVELOPMENT_TEAM = 6JD548BN3B;
				GENERATE_INFOPLIST_FILE = YES;
				MARKETING_VERSION = 1.0;
				PRODUCT_BUNDLE_IDENTIFIER = "com.BulldogVenturesInc.SwiftUI-Swipe-App-ExampleUITests";
				PRODUCT_NAME = "$(TARGET_NAME)";
				SWIFT_EMIT_LOC_STRINGS = NO;
				SWIFT_VERSION = 5.0;
				TARGETED_DEVICE_FAMILY = "1,2";
				TEST_TARGET_NAME = "SwiftUI Swipe App Example";
			};
			name = Debug;
		};
		79966C8C2AF68AA500BE555A /* Release */ = {
			isa = XCBuildConfiguration;
			buildSettings = {
				ALWAYS_EMBED_SWIFT_STANDARD_LIBRARIES = YES;
				CODE_SIGN_STYLE = Automatic;
				CURRENT_PROJECT_VERSION = 1;
				DEVELOPMENT_TEAM = 6JD548BN3B;
				GENERATE_INFOPLIST_FILE = YES;
				MARKETING_VERSION = 1.0;
				PRODUCT_BUNDLE_IDENTIFIER = "com.BulldogVenturesInc.SwiftUI-Swipe-App-ExampleUITests";
				PRODUCT_NAME = "$(TARGET_NAME)";
				SWIFT_EMIT_LOC_STRINGS = NO;
				SWIFT_VERSION = 5.0;
				TARGETED_DEVICE_FAMILY = "1,2";
				TEST_TARGET_NAME = "SwiftUI Swipe App Example";
			};
			name = Release;
		};
/* End XCBuildConfiguration section */

/* Begin XCConfigurationList section */
		79966C5B2AF68AA200BE555A /* Build configuration list for PBXProject "SwiftUI Swipe App Example" */ = {
			isa = XCConfigurationList;
			buildConfigurations = (
				79966C822AF68AA500BE555A /* Debug */,
				79966C832AF68AA500BE555A /* Release */,
			);
			defaultConfigurationIsVisible = 0;
			defaultConfigurationName = Release;
		};
		79966C842AF68AA500BE555A /* Build configuration list for PBXNativeTarget "SwiftUI Swipe App Example" */ = {
			isa = XCConfigurationList;
			buildConfigurations = (
				79966C852AF68AA500BE555A /* Debug */,
				79966C862AF68AA500BE555A /* Release */,
			);
			defaultConfigurationIsVisible = 0;
			defaultConfigurationName = Release;
		};
		79966C872AF68AA500BE555A /* Build configuration list for PBXNativeTarget "SwiftUI Swipe App ExampleTests" */ = {
			isa = XCConfigurationList;
			buildConfigurations = (
				79966C882AF68AA500BE555A /* Debug */,
				79966C892AF68AA500BE555A /* Release */,
			);
			defaultConfigurationIsVisible = 0;
			defaultConfigurationName = Release;
		};
		79966C8A2AF68AA500BE555A /* Build configuration list for PBXNativeTarget "SwiftUI Swipe App ExampleUITests" */ = {
			isa = XCConfigurationList;
			buildConfigurations = (
				79966C8B2AF68AA500BE555A /* Debug */,
				79966C8C2AF68AA500BE555A /* Release */,
			);
			defaultConfigurationIsVisible = 0;
			defaultConfigurationName = Release;
		};
/* End XCConfigurationList section */
	};
	rootObject = 79966C582AF68AA200BE555A /* Project object */;
}
